
Microsoft Visual Studio Solution File, Format Version 12.00
# Visual Studio 15
VisualStudioVersion = 15.0.28307.902
MinimumVisualStudioVersion = 10.0.40219.1
Project("{FAE04EC0-301F-11D3-BF4B-00C04F79EFBC}") = "HRSystem1", "HRSystem1\HRSystem1.csproj", "{F488212C-5694-47F8-BE5A-DD5B9BB7AE40}"
EndProject
Global
	GlobalSection(SolutionConfigurationPlatforms) = preSolution
		Debug|Any CPU = Debug|Any CPU
		Release|Any CPU = Release|Any CPU
	EndGlobalSection
	GlobalSection(ProjectConfigurationPlatforms) = postSolution
		{F488212C-5694-47F8-BE5A-DD5B9BB7AE40}.Debug|Any CPU.ActiveCfg = Debug|Any CPU
		{F488212C-5694-47F8-BE5A-DD5B9BB7AE40}.Debug|Any CPU.Build.0 = Debug|Any CPU
		{F488212C-5694-47F8-BE5A-DD5B9BB7AE40}.Release|Any CPU.ActiveCfg = Release|Any CPU
		{F488212C-5694-47F8-BE5A-DD5B9BB7AE40}.Release|Any CPU.Build.0 = Release|Any CPU
	EndGlobalSection
	GlobalSection(SolutionProperties) = preSolution
		HideSolutionNode = FALSE
	EndGlobalSection
	GlobalSection(ExtensibilityGlobals) = postSolution
		SolutionGuid = {8E4F79DF-EC36-4615-B04A-0549824E137C}
	EndGlobalSection
EndGlobal
